# This file is automatically @generated by Poetry 2.2.1 and should not be changed by hand.

[[package]]
name = "asgiref"
version = "3.10.0"
description = "ASGI specs, helper code, and adapters"
optional = false
python-versions = ">=3.9"
groups = ["main"]
files = [
    {file = "asgiref-3.10.0-py3-none-any.whl", hash = "sha256:aef8a81283a34d0ab31630c9b7dfe70c812c95eba78171367ca8745e88124734"},
    {file = "asgiref-3.10.0.tar.gz", hash = "sha256:d89f2d8cd8b56dada7d52fa7dc8075baa08fb836560710d38c292a7a3f78c04e"},
]

[package.dependencies]
typing_extensions = {version = ">=4", markers = "python_version < \"3.11\""}

[package.extras]
tests = ["mypy (>=1.14.0)", "pytest", "pytest-asyncio"]

[[package]]
name = "django"
version = "4.2.25"
description = "A high-level Python web framework that encourages rapid development and clean, pragmatic design."
optional = false
python-versions = ">=3.8"
groups = ["main"]
files = [
    {file = "django-4.2.25-py3-none-any.whl", hash = "sha256:9584cf26b174b35620e53c2558b09d7eb180a655a3470474f513ff9acb494f8c"},
    {file = "django-4.2.25.tar.gz", hash = "sha256:2391ab3d78191caaae2c963c19fd70b99e9751008da22a0adcc667c5a4f8d311"},
]

[package.dependencies]
asgiref = ">=3.6.0,<4"
sqlparse = ">=0.3.1"
tzdata = {version = "*", markers = "sys_platform == \"win32\""}

[package.extras]
argon2 = ["argon2-cffi (>=19.1.0)"]
bcrypt = ["bcrypt"]

[[package]]
name = "djangorestframework"
version = "3.16.1"
description = "Web APIs for Django, made easy."
optional = false
python-versions = ">=3.9"
groups = ["main"]
files = [
    {file = "djangorestframework-3.16.1-py3-none-any.whl", hash = "sha256:33a59f47fb9c85ede792cbf88bde71893bcda0667bc573f784649521f1102cec"},
    {file = "djangorestframework-3.16.1.tar.gz", hash = "sha256:166809528b1aced0a17dc66c24492af18049f2c9420dbd0be29422029cfc3ff7"},
]

[package.dependencies]
django = ">=4.2"

[[package]]
name = "psycopg"
version = "3.2.11"
description = "PostgreSQL database adapter for Python"
optional = false
python-versions = ">=3.8"
groups = ["main"]
files = [
    {file = "psycopg-3.2.11-py3-none-any.whl", hash = "sha256:217231b2b6b72fba88281b94241b2f16043ee67f81def47c52a01b72ff0c086a"},
    {file = "psycopg-3.2.11.tar.gz", hash = "sha256:398bb484ed44361e041c8f804ed7af3d2fcefbffdace1d905b7446c319321706"},
]

[package.dependencies]
psycopg-binary = {version = "3.2.11", optional = true, markers = "implementation_name != \"pypy\" and extra == \"binary\""}
typing-extensions = {version = ">=4.6", markers = "python_version < \"3.13\""}
tzdata = {version = "*", markers = "sys_platform == \"win32\""}

[package.extras]
binary = ["psycopg-binary (==3.2.11) ; implementation_name != \"pypy\""]
c = ["psycopg-c (==3.2.11) ; implementation_name != \"pypy\""]
dev = ["ast-comments (>=1.1.2)", "black (>=24.1.0)", "codespell (>=2.2)", "dnspython (>=2.1)", "flake8 (>=4.0)", "isort-psycopg", "isort[colors] (>=6.0)", "mypy (>=1.14)", "pre-commit (>=4.0.1)", "types-setuptools (>=57.4)", "types-shapely (>=2.0)", "wheel (>=0.37)"]
docs = ["Sphinx (>=5.0)", "furo (==2022.6.21)", "sphinx-autobuild (>=2021.3.14)", "sphinx-autodoc-typehints (>=1.12)"]
pool = ["psycopg-pool"]
test = ["anyio (>=4.0)", "mypy (>=1.14)", "pproxy (>=2.7)", "pytest (>=6.2.5)", "pytest-cov (>=3.0)", "pytest-randomly (>=3.5)"]

[[package]]
name = "psycopg-binary"
version = "3.2.11"
description = "PostgreSQL database adapter for Python -- C optimisation distribution"
optional = false
python-versions = ">=3.8"
groups = ["main"]
markers = "implementation_name != \"pypy\""
files = [
    {file = "psycopg_binary-3.2.11-cp310-cp310-macosx_10_9_x86_64.whl", hash = "sha256:f72146ad5b69ea177c2707578e5a4a9422b79e50d5a80992dabc5619b0929771"},
    {file = "psycopg_binary-3.2.11-cp310-cp310-macosx_11_0_arm64.whl", hash = "sha256:b051aa1e67f0d03ccdb4503d716f22da56229896526f0aa721e5a199baa9e5d4"},
    {file = "psycopg_binary-3.2.11-cp310-cp310-manylinux2014_aarch64.manylinux_2_17_aarch64.whl", hash = "sha256:49d76391b225f72dd63fcab87937ccf307ae0f093b5a382eeacf05f19a57c176"},
    {file = "psycopg_binary-3.2.11-cp310-cp310-manylinux2014_ppc64le.manylinux_2_17_ppc64le.whl", hash = "sha256:58997db1aa48a1119e26c1c2f893d1c92339bd3be5d1f25334f22eaeaeeca90e"},
    {file = "psycopg_binary-3.2.11-cp310-cp310-manylinux2014_x86_64.manylinux_2_17_x86_64.whl", hash = "sha256:e3b6328bc2f3ca233f9a5f08d266089b96a534eca9ee4e45cb92d0a8d4629d9c"},
    {file = "psycopg_binary-3.2.11-cp310-cp310-musllinux_1_2_aarch64.whl", hash = "sha256:5bc571786a256a2fa2d8f13b5ecf714020b753bc76c2fa6d308e46751946dc31"},
    {file = "psycopg_binary-3.2.11-cp310-cp310-musllinux_1_2_ppc64le.whl", hash = "sha256:766089fdaa8af1b5f7e2ec9fd7ad190c865e226b4fb0e7b1bd8dbcd62b5b923e"},
    {file = "psycopg_binary-3.2.11-cp310-cp310-musllinux_1_2_x86_64.whl", hash = "sha256:5fb27dd9c52ae13cb4de90244207155b694f76a75a816115ead2d573f40e1e36"},
    {file = "psycopg_binary-3.2.11-cp310-cp310-win_amd64.whl", hash = "sha256:3f32b09fba85d9e239229bdc5b6254420c02054f6954fe7fbd1ecf1ca93009ed"},
    {file = "psycopg_binary-3.2.11-cp311-cp311-macosx_10_9_x86_64.whl", hash = "sha256:6688807ed07436c18e9946d01372bc80b9d20b7732cde27de9313e0860910c84"},
    {file = "psycopg_binary-3.2.11-cp311-cp311-macosx_11_0_arm64.whl", hash = "sha256:478a68d50f34f6203642d245e2046d266c719ab4e593a1bb94c3be5f82e1aee1"},
    {file = "psycopg_binary-3.2.11-cp311-cp311-manylinux2014_aarch64.manylinux_2_17_aarch64.whl", hash = "sha256:e7575ca710277cc3e9257ff803a3e0e3cb7cc1b7851639cb783a7cd55ebfc815"},
    {file = "psycopg_binary-3.2.11-cp311-cp311-manylinux2014_ppc64le.manylinux_2_17_ppc64le.whl", hash = "sha256:110a2036007230416fcc2c17bfe7aaa2c1fa9b6e9d21e2cd551523e3f6489759"},
    {file = "psycopg_binary-3.2.11-cp311-cp311-manylinux2014_x86_64.manylinux_2_17_x86_64.whl", hash = "sha256:31f1d5630afa673c37a6327f8e3efa1f17d4e4e42972643b3478b52275233529"},
    {file = "psycopg_binary-3.2.11-cp311-cp311-musllinux_1_2_aarch64.whl", hash = "sha256:9f12a34bddaeffa7840a61163595ec0d70a9db855896865dcfbb731510014484"},
    {file = "psycopg_binary-3.2.11-cp311-cp311-musllinux_1_2_ppc64le.whl", hash = "sha256:82fe30afbdd66fbdad583b02baad5c15930a3dc8a3756d2ae15fc874e9be8ec8"},
    {file = "psycopg_binary-3.2.11-cp311-cp311-musllinux_1_2_x86_64.whl", hash = "sha256:592fb928efe0674a7400af914bcf931eb5267d36237925947aaecf63bd9a91aa"},
    {file = "psycopg_binary-3.2.11-cp311-cp311-win_amd64.whl", hash = "sha256:20d41bcd9ac289d44ac1f6151594f7883483b4ad14680a63e04b639dc90c3349"},
    {file = "psycopg_binary-3.2.11-cp312-cp312-macosx_10_13_x86_64.whl", hash = "sha256:4cae9bdc482e36e825d5102a9f3010e729f33a4ca83fc8a1f439ba16eb61e1f1"},
    {file = "psycopg_binary-3.2.11-cp312-cp312-macosx_11_0_arm64.whl", hash = "sha256:749d23fbfd642a7abfef5fc0f6ca185fa82a2c0f895e6eab42c3f2a5d88f6011"},
    {file = "psycopg_binary-3.2.11-cp312-cp312-manylinux2014_aarch64.manylinux_2_17_aarch64.whl", hash = "sha256:58d8f9f80ae79ba7f2a0509424939236220d7d66a4f8256ae999b882cc58065b"},
    {file = "psycopg_binary-3.2.11-cp312-cp312-manylinux2014_ppc64le.manylinux_2_17_ppc64le.whl", hash = "sha256:eab6959fade522e586b8ec37d3fe337ce10861965edef3292f52e66e36dc375d"},
    {file = "psycopg_binary-3.2.11-cp312-cp312-manylinux2014_x86_64.manylinux_2_17_x86_64.whl", hash = "sha256:fe5e3648e855df4fba1d70c18aef18c9880ea8d123fdfae754c18787c8cb37b3"},
    {file = "psycopg_binary-3.2.11-cp312-cp312-musllinux_1_2_aarch64.whl", hash = "sha256:30e2c114d26554ae677088de5d4133cc112344d7a233200fdbf4a2ca5754c7ec"},
    {file = "psycopg_binary-3.2.11-cp312-cp312-musllinux_1_2_ppc64le.whl", hash = "sha256:e3f5887019dfb094c60e7026968ca3a964ca16305807ba5e43f9a78483767d5f"},
    {file = "psycopg_binary-3.2.11-cp312-cp312-musllinux_1_2_x86_64.whl", hash = "sha256:9b4b0fc4e774063ae64c92cc57e2b10160150de68c96d71743218159d953869d"},
    {file = "psycopg_binary-3.2.11-cp312-cp312-win_amd64.whl", hash = "sha256:9bdc762600fcc8e4ad3224734a4e70cc226207fd8f2de47c36b115efeed01782"},
    {file = "psycopg_binary-3.2.11-cp313-cp313-macosx_10_13_x86_64.whl", hash = "sha256:47f6cf8a1d02d25238bdb8741ac641ff0ec22b1c6ff6a2acd057d0da5c712842"},
    {file = "psycopg_binary-3.2.11-cp313-cp313-macosx_11_0_arm64.whl", hash = "sha256:91268f04380964a5e767f8102d05f1e23312ddbe848de1a9514b08b3fc57d354"},
    {file = "psycopg_binary-3.2.11-cp313-cp313-manylinux2014_aarch64.manylinux_2_17_aarch64.whl", hash = "sha256:199f88a05dd22133eab2deb30348ef7a70c23d706c8e63fdc904234163c63517"},
    {file = "psycopg_binary-3.2.11-cp313-cp313-manylinux2014_ppc64le.manylinux_2_17_ppc64le.whl", hash = "sha256:7b3c5474dbad63bcccb8d14d4d4c7c19f1dc6f8e8c1914cbc771d261cf8eddca"},
    {file = "psycopg_binary-3.2.11-cp313-cp313-manylinux2014_x86_64.manylinux_2_17_x86_64.whl", hash = "sha256:581358e770a4536e546841b78fd0fe318added4a82443bf22d0bbe3109cf9582"},
    {file = "psycopg_binary-3.2.11-cp313-cp313-musllinux_1_2_aarch64.whl", hash = "sha256:54a30f00a51b9043048b3e7ee806ffd31fc5fbd02a20f0e69d21306ff33dc473"},
    {file = "psycopg_binary-3.2.11-cp313-cp313-musllinux_1_2_ppc64le.whl", hash = "sha256:2a438fad4cc081b018431fde0e791b6d50201526edf39522a85164f606c39ddb"},
    {file = "psycopg_binary-3.2.11-cp313-cp313-musllinux_1_2_x86_64.whl", hash = "sha256:f5e7415b5d0f58edf2708842c66605092df67f3821161d861b09695fc326c4de"},
    {file = "psycopg_binary-3.2.11-cp313-cp313-win_amd64.whl", hash = "sha256:6b9632c42f76d5349e7dd50025cff02688eb760b258e891ad2c6428e7e4917d5"},
    {file = "psycopg_binary-3.2.11-cp314-cp314-macosx_10_13_x86_64.whl", hash = "sha256:260738ae222b41dbefd0d84cb2e150a112f90b41688630f57fdac487ab6d6f38"},
    {file = "psycopg_binary-3.2.11-cp314-cp314-macosx_11_0_arm64.whl", hash = "sha256:c594c199869099c59c85b9f4423370b6212491fb929e7fcda0da1768761a2c2c"},
    {file = "psycopg_binary-3.2.11-cp314-cp314-manylinux2014_aarch64.manylinux_2_17_aarch64.whl", hash = "sha256:5768a9e7d393b2edd3a28de5a6d5850d054a016ed711f7044a9072f19f5e50d5"},
    {file = "psycopg_binary-3.2.11-cp314-cp314-manylinux2014_ppc64le.manylinux_2_17_ppc64le.whl", hash = "sha256:27eb6367350b75fef882c40cd6f748bfd976db2f8651f7511956f11efc15154f"},
    {file = "psycopg_binary-3.2.11-cp314-cp314-manylinux2014_x86_64.manylinux_2_17_x86_64.whl", hash = "sha256:fa2aa5094dc962967ca0978c035b3ef90329b802501ef12a088d3bac6a55598e"},
    {file = "psycopg_binary-3.2.11-cp314-cp314-musllinux_1_2_aarch64.whl", hash = "sha256:7744b4ed1f3b76fe37de7e9ef98014482fe74b6d3dfe1026cc4cfb4b4404e74f"},
    {file = "psycopg_binary-3.2.11-cp314-cp314-musllinux_1_2_ppc64le.whl", hash = "sha256:5f6f948ff1cd252003ff534d7b50a2b25453b4212b283a7514ff8751bdb68c37"},
    {file = "psycopg_binary-3.2.11-cp314-cp314-musllinux_1_2_x86_64.whl", hash = "sha256:3bd2c8fb1dec6f93383fbaa561591fa3d676e079f9cb9889af17c3020a19715f"},
    {file = "psycopg_binary-3.2.11-cp314-cp314-win_amd64.whl", hash = "sha256:c45f61202e5691090a697e599997eaffa3ec298209743caa4fd346145acabafe"},
    {file = "psycopg_binary-3.2.11-cp38-cp38-macosx_10_9_x86_64.whl", hash = "sha256:d7e490848d7bedf6c1d2180233a33d31d554a1b0823f80a0236ebb7d3b6caf12"},
    {file = "psycopg_binary-3.2.11-cp38-cp38-manylinux2014_aarch64.manylinux_2_17_aarch64.whl", hash = "sha256:32bd319a68420631a320bb450921c8320641621a92556c97b38b1e116010c344"},
    {file = "psycopg_binary-3.2.11-cp38-cp38-manylinux2014_ppc64le.manylinux_2_17_ppc64le.whl", hash = "sha256:7608c9fa58b85426093ab8777080e8f134d89915c05c51fa270e7aee317f2b38"},
    {file = "psycopg_binary-3.2.11-cp38-cp38-manylinux2014_x86_64.manylinux_2_17_x86_64.whl", hash = "sha256:9ea3ebe1706fd78d6ac0dd1cf692a77cfacd5ba967c82128f9863a5e48f63c47"},
    {file = "psycopg_binary-3.2.11-cp38-cp38-musllinux_1_2_aarch64.whl", hash = "sha256:e7f4dff472a529c9027f294c8842ab535bbed7e2928fe1f4fc28b27f2463d6d5"},
    {file = "psycopg_binary-3.2.11-cp38-cp38-musllinux_1_2_ppc64le.whl", hash = "sha256:d27f51b8ce291da4af749ef850adb4520bfe52c2ff4677402c719ff35af03f00"},
    {file = "psycopg_binary-3.2.11-cp38-cp38-musllinux_1_2_x86_64.whl", hash = "sha256:ff64883cff66fe797cd958c0ff7f53fc36a28239b9e0dc80189ce1c03ce47153"},
    {file = "psycopg_binary-3.2.11-cp38-cp38-win_amd64.whl", hash = "sha256:720e19ff2d1c425b6be18bd20ba35010c7927e492bcfecbae1085a89caa7db7c"},
    {file = "psycopg_binary-3.2.11-cp39-cp39-macosx_10_9_x86_64.whl", hash = "sha256:1db270e6bdbd183e3908cd9bb832506b99e1f2222a2fc2145f980c3ba1c8c30f"},
    {file = "psycopg_binary-3.2.11-cp39-cp39-macosx_11_0_arm64.whl", hash = "sha256:00221bfeb9594ca6e01207b032c300fa6f889d918bf0de47f4571c1f9f6e1578"},
    {file = "psycopg_binary-3.2.11-cp39-cp39-manylinux2014_aarch64.manylinux_2_17_aarch64.whl", hash = "sha256:a3a59d404e1fb8ec47116f66f5adf48a8993a8aac0dad0395a923155fd55ee38"},
    {file = "psycopg_binary-3.2.11-cp39-cp39-manylinux2014_ppc64le.manylinux_2_17_ppc64le.whl", hash = "sha256:8792e502a16a0b28d9fd23571fe492271a00c4b2b55f6c0b8377e47032758cd3"},
    {file = "psycopg_binary-3.2.11-cp39-cp39-manylinux2014_x86_64.manylinux_2_17_x86_64.whl", hash = "sha256:d59db908d9baaa057a43dd5aa8352f3e3de4b8c57f295172d5fe521e97d6c39d"},
    {file = "psycopg_binary-3.2.11-cp39-cp39-musllinux_1_2_aarch64.whl", hash = "sha256:566d02a0b85b994e40b4f6276b3423c59e8157f10b73bd2e634f8e0a3dfb1890"},
    {file = "psycopg_binary-3.2.11-cp39-cp39-musllinux_1_2_ppc64le.whl", hash = "sha256:23c77dbbffe8ba679213877f7204f4599bd545b65d2d69982fd685a3fea35b11"},
    {file = "psycopg_binary-3.2.11-cp39-cp39-musllinux_1_2_x86_64.whl", hash = "sha256:b2fa94ce40bc4b408149d83a6204fc5e53c3e9d3cd5b749de2e7e9671a049cf7"},
    {file = "psycopg_binary-3.2.11-cp39-cp39-win_amd64.whl", hash = "sha256:81e57d1f00af9b7414c8d00ac77892b3786ddd69a23c27dee47cae8fd3543b07"},
]

[[package]]
name = "sqlparse"
version = "0.5.3"
description = "A non-validating SQL parser."
optional = false
python-versions = ">=3.8"
groups = ["main"]
files = [
    {file = "sqlparse-0.5.3-py3-none-any.whl", hash = "sha256:cf2196ed3418f3ba5de6af7e82c694a9fbdbfecccdfc72e281548517081f16ca"},
    {file = "sqlparse-0.5.3.tar.gz", hash = "sha256:09f67787f56a0b16ecdbde1bfc7f5d9c3371ca683cfeaa8e6ff60b4807ec9272"},
]

[package.extras]
dev = ["build", "hatch"]
doc = ["sphinx"]

[[package]]
name = "typing-extensions"
version = "4.15.0"
description = "Backported and Experimental Type Hints for Python 3.9+"
optional = false
python-versions = ">=3.9"
groups = ["main"]
markers = "python_version < \"3.13\""
files = [
    {file = "typing_extensions-4.15.0-py3-none-any.whl", hash = "sha256:f0fa19c6845758ab08074a0cfa8b7aecb71c999ca73d62883bc25cc018c4e548"},
    {file = "typing_extensions-4.15.0.tar.gz", hash = "sha256:0cea48d173cc12fa28ecabc3b837ea3cf6f38c6d1136f85cbaaf598984861466"},
]

[[package]]
name = "tzdata"
version = "2025.2"
description = "Provider of IANA time zone data"
optional = false
python-versions = ">=2"
groups = ["main"]
markers = "sys_platform == \"win32\""
files = [
    {file = "tzdata-2025.2-py2.py3-none-any.whl", hash = "sha256:1a403fada01ff9221ca8044d701868fa132215d84beb92242d9acd2147f667a8"},
    {file = "tzdata-2025.2.tar.gz", hash = "sha256:b60a638fcc0daffadf82fe0f57e53d06bdec2f36c4df66280ae79bce6bd6f2b9"},
]

[metadata]
lock-version = "2.1"
python-versions = "^3.9"
content-hash = "86821f255d62bc0d04aa678bfe39435dca328143f9126dd90787710aaa76b066"
